
Microsoft Visual Studio Solution File, Format Version 12.00
# Visual Studio Version 17
VisualStudioVersion = 17.13.35931.197 d17.13
MinimumVisualStudioVersion = 10.0.40219.1
Project("{FAE04EC0-301F-11D3-BF4B-00C04F79EFBC}") = "Web", "Web\Web.csproj", "{C6B2BF43-6267-4D5B-8444-9410CCC12BEF}"
EndProject
Project("{2150E333-8FDC-42A3-9474-1A3956D46DE8}") = "1", "1", "{02EA681E-C7D8-13C7-8484-4AC65E1B71E8}"
EndProject
Project("{2150E333-8FDC-42A3-9474-1A3956D46DE8}") = "2", "2", "{79974D0E-2A63-4E8F-BCEF-8224A3C931BF}"
EndProject
Project("{FAE04EC0-301F-11D3-BF4B-00C04F79EFBC}") = "Services", "Services\Services.csproj", "{F5E2D36B-A7D7-4FC5-B132-6EAC6EE1C7A5}"
EndProject
Project("{2150E333-8FDC-42A3-9474-1A3956D46DE8}") = "3", "3", "{2B08D5B4-C854-475F-AC29-E9CA0B8BBC97}"
EndProject
Project("{FAE04EC0-301F-11D3-BF4B-00C04F79EFBC}") = "Infrastructure", "Infrastructure\Infrastructure.csproj", "{08B9DC06-DB8E-4108-A1D9-C447EE616616}"
EndProject
Project("{2150E333-8FDC-42A3-9474-1A3956D46DE8}") = "Solution Items", "Solution Items", "{8EC462FD-D22E-90A8-E5CE-7E832BA40C5D}"
	ProjectSection(SolutionItems) = preProject
		.env.development = .env.development
		.gitignore = .gitignore
		docker-compose.yml = docker-compose.yml
		README.md = README.md
	EndProjectSection
EndProject
Global
	GlobalSection(SolutionConfigurationPlatforms) = preSolution
		Debug|Any CPU = Debug|Any CPU
		Release|Any CPU = Release|Any CPU
	EndGlobalSection
	GlobalSection(ProjectConfigurationPlatforms) = postSolution
		{C6B2BF43-6267-4D5B-8444-9410CCC12BEF}.Debug|Any CPU.ActiveCfg = Debug|Any CPU
		{C6B2BF43-6267-4D5B-8444-9410CCC12BEF}.Debug|Any CPU.Build.0 = Debug|Any CPU
		{C6B2BF43-6267-4D5B-8444-9410CCC12BEF}.Release|Any CPU.ActiveCfg = Release|Any CPU
		{C6B2BF43-6267-4D5B-8444-9410CCC12BEF}.Release|Any CPU.Build.0 = Release|Any CPU
		{F5E2D36B-A7D7-4FC5-B132-6EAC6EE1C7A5}.Debug|Any CPU.ActiveCfg = Debug|Any CPU
		{F5E2D36B-A7D7-4FC5-B132-6EAC6EE1C7A5}.Debug|Any CPU.Build.0 = Debug|Any CPU
		{F5E2D36B-A7D7-4FC5-B132-6EAC6EE1C7A5}.Release|Any CPU.ActiveCfg = Release|Any CPU
		{F5E2D36B-A7D7-4FC5-B132-6EAC6EE1C7A5}.Release|Any CPU.Build.0 = Release|Any CPU
		{08B9DC06-DB8E-4108-A1D9-C447EE616616}.Debug|Any CPU.ActiveCfg = Debug|Any CPU
		{08B9DC06-DB8E-4108-A1D9-C447EE616616}.Debug|Any CPU.Build.0 = Debug|Any CPU
		{08B9DC06-DB8E-4108-A1D9-C447EE616616}.Release|Any CPU.ActiveCfg = Release|Any CPU
		{08B9DC06-DB8E-4108-A1D9-C447EE616616}.Release|Any CPU.Build.0 = Release|Any CPU
	EndGlobalSection
	GlobalSection(SolutionProperties) = preSolution
		HideSolutionNode = FALSE
	EndGlobalSection
	GlobalSection(NestedProjects) = preSolution
		{C6B2BF43-6267-4D5B-8444-9410CCC12BEF} = {02EA681E-C7D8-13C7-8484-4AC65E1B71E8}
		{F5E2D36B-A7D7-4FC5-B132-6EAC6EE1C7A5} = {79974D0E-2A63-4E8F-BCEF-8224A3C931BF}
		{08B9DC06-DB8E-4108-A1D9-C447EE616616} = {2B08D5B4-C854-475F-AC29-E9CA0B8BBC97}
	EndGlobalSection
	GlobalSection(ExtensibilityGlobals) = postSolution
		SolutionGuid = {A3851E53-D999-49C7-9A6E-9E02FF6CFC7A}
	EndGlobalSection
EndGlobal
